// !$*UTF8*$!
{
	archiveVersion = 1;
	classes = {
	};
	objectVersion = 77;
	objects = {

/* Begin PBXBuildFile section */
		DA6CD9B32D8ACEB0008679AA /* FirebaseAnalytics in Frameworks */ = {isa = PBXBuildFile; productRef = DA6CD9B22D8ACEB0008679AA /* FirebaseAnalytics */; };
		DA6CD9B52D8ACEB0008679AA /* FirebaseAnalyticsOnDeviceConversion in Frameworks */ = {isa = PBXBuildFile; productRef = DA6CD9B42D8ACEB0008679AA /* FirebaseAnalyticsOnDeviceConversion */; };
		DA6CD9B72D8ACEB0008679AA /* FirebaseAnalyticsWithoutAdIdSupport in Frameworks */ = {isa = PBXBuildFile; productRef = DA6CD9B62D8ACEB0008679AA /* FirebaseAnalyticsWithoutAdIdSupport */; };
		DA6CD9B92D8ACEB0008679AA /* FirebaseAppCheck in Frameworks */ = {isa = PBXBuildFile; productRef = DA6CD9B82D8ACEB0008679AA /* FirebaseAppCheck */; };
		DA6CD9BB2D8ACEB0008679AA /* FirebaseAppDistribution-Beta in Frameworks */ = {isa = PBXBuildFile; productRef = DA6CD9BA2D8ACEB0008679AA /* FirebaseAppDistribution-Beta */; };
		DA6CD9BD2D8ACEB0008679AA /* FirebaseAuth in Frameworks */ = {isa = PBXBuildFile; productRef = DA6CD9BC2D8ACEB0008679AA /* FirebaseAuth */; };
		DA6CD9BF2D8ACEB0008679AA /* FirebaseAuthCombine-Community in Frameworks */ = {isa = PBXBuildFile; productRef = DA6CD9BE2D8ACEB0008679AA /* FirebaseAuthCombine-Community */; };
		DA6CD9C12D8ACEB0008679AA /* FirebaseCore in Frameworks */ = {isa = PBXBuildFile; productRef = DA6CD9C02D8ACEB0008679AA /* FirebaseCore */; };
		DA6CD9C32D8ACEB0008679AA /* FirebaseCrashlytics in Frameworks */ = {isa = PBXBuildFile; productRef = DA6CD9C22D8ACEB0008679AA /* FirebaseCrashlytics */; };
		DA6CD9C52D8ACEB0008679AA /* FirebaseDatabase in Frameworks */ = {isa = PBXBuildFile; productRef = DA6CD9C42D8ACEB0008679AA /* FirebaseDatabase */; };
		DA6CD9C72D8ACEB0008679AA /* FirebaseDynamicLinks in Frameworks */ = {isa = PBXBuildFile; productRef = DA6CD9C62D8ACEB0008679AA /* FirebaseDynamicLinks */; };
		DA6CD9C92D8ACEB0008679AA /* FirebaseFirestore in Frameworks */ = {isa = PBXBuildFile; productRef = DA6CD9C82D8ACEB0008679AA /* FirebaseFirestore */; };
		DA6CD9CB2D8ACEB0008679AA /* FirebaseFirestoreCombine-Community in Frameworks */ = {isa = PBXBuildFile; productRef = DA6CD9CA2D8ACEB0008679AA /* FirebaseFirestoreCombine-Community */; };
		DA6CD9CD2D8ACEB0008679AA /* FirebaseFunctions in Frameworks */ = {isa = PBXBuildFile; productRef = DA6CD9CC2D8ACEB0008679AA /* FirebaseFunctions */; };
		DA6CD9CF2D8ACEB0008679AA /* FirebaseFunctionsCombine-Community in Frameworks */ = {isa = PBXBuildFile; productRef = DA6CD9CE2D8ACEB0008679AA /* FirebaseFunctionsCombine-Community */; };
		DA6CD9D12D8ACEB0008679AA /* FirebaseInAppMessaging-Beta in Frameworks */ = {isa = PBXBuildFile; productRef = DA6CD9D02D8ACEB0008679AA /* FirebaseInAppMessaging-Beta */; };
		DA6CD9D32D8ACEB0008679AA /* FirebaseInstallations in Frameworks */ = {isa = PBXBuildFile; productRef = DA6CD9D22D8ACEB0008679AA /* FirebaseInstallations */; };
		DA6CD9D52D8ACEB0008679AA /* FirebaseMLModelDownloader in Frameworks */ = {isa = PBXBuildFile; productRef = DA6CD9D42D8ACEB0008679AA /* FirebaseMLModelDownloader */; };
		DA6CD9D72D8ACEB0008679AA /* FirebaseMessaging in Frameworks */ = {isa = PBXBuildFile; productRef = DA6CD9D62D8ACEB0008679AA /* FirebaseMessaging */; };
		DA6CD9D92D8ACEB0008679AA /* FirebasePerformance in Frameworks */ = {isa = PBXBuildFile; productRef = DA6CD9D82D8ACEB0008679AA /* FirebasePerformance */; };
		DA6CD9DB2D8ACEB0008679AA /* FirebaseRemoteConfig in Frameworks */ = {isa = PBXBuildFile; productRef = DA6CD9DA2D8ACEB0008679AA /* FirebaseRemoteConfig */; };
		DA6CD9DD2D8ACEB0008679AA /* FirebaseStorage in Frameworks */ = {isa = PBXBuildFile; productRef = DA6CD9DC2D8ACEB0008679AA /* FirebaseStorage */; };
		DA6CD9DF2D8ACEB0008679AA /* FirebaseStorageCombine-Community in Frameworks */ = {isa = PBXBuildFile; productRef = DA6CD9DE2D8ACEB0008679AA /* FirebaseStorageCombine-Community */; };
		DA6CD9E12D8ACEB0008679AA /* FirebaseVertexAI in Frameworks */ = {isa = PBXBuildFile; productRef = DA6CD9E02D8ACEB0008679AA /* FirebaseVertexAI */; };
/* End PBXBuildFile section */

/* Begin PBXFileReference section */
		DA840C2E2D88C540003E1FE2 /* Lori.app */ = {isa = PBXFileReference; explicitFileType = wrapper.application; includeInIndex = 0; path = Lori.app; sourceTree = BUILT_PRODUCTS_DIR; };
/* End PBXFileReference section */

/* Begin PBXFileSystemSynchronizedBuildFileExceptionSet section */
		DACCCA0D2D8D539700AAC53E /* Exceptions for "Lori" folder in "Lori" target */ = {
			isa = PBXFileSystemSynchronizedBuildFileExceptionSet;
			membershipExceptions = (
				Info.plist,
			);
			target = DA840C2D2D88C540003E1FE2 /* Lori */;
		};
/* End PBXFileSystemSynchronizedBuildFileExceptionSet section */

/* Begin PBXFileSystemSynchronizedRootGroup section */
		DA840C302D88C540003E1FE2 /* Lori */ = {
			isa = PBXFileSystemSynchronizedRootGroup;
			exceptions = (
				DACCCA0D2D8D539700AAC53E /* Exceptions for "Lori" folder in "Lori" target */,
			);
			path = Lori;
			sourceTree = "<group>";
		};
/* End PBXFileSystemSynchronizedRootGroup section */

/* Begin PBXFrameworksBuildPhase section */
		DA840C2B2D88C540003E1FE2 /* Frameworks */ = {
			isa = PBXFrameworksBuildPhase;
			buildActionMask = 2147483647;
			files = (
				DA6CD9CB2D8ACEB0008679AA /* FirebaseFirestoreCombine-Community in Frameworks */,
				DA6CD9E12D8ACEB0008679AA /* FirebaseVertexAI in Frameworks */,
				DA6CD9CD2D8ACEB0008679AA /* FirebaseFunctions in Frameworks */,
				DA6CD9D92D8ACEB0008679AA /* FirebasePerformance in Frameworks */,
				DA6CD9DF2D8ACEB0008679AA /* FirebaseStorageCombine-Community in Frameworks */,
				DA6CD9DB2D8ACEB0008679AA /* FirebaseRemoteConfig in Frameworks */,
				DA6CD9C52D8ACEB0008679AA /* FirebaseDatabase in Frameworks */,
				DA6CD9C72D8ACEB0008679AA /* FirebaseDynamicLinks in Frameworks */,
				DA6CD9B92D8ACEB0008679AA /* FirebaseAppCheck in Frameworks */,
				DA6CD9BD2D8ACEB0008679AA /* FirebaseAuth in Frameworks */,
				DA6CD9B32D8ACEB0008679AA /* FirebaseAnalytics in Frameworks */,
				DA6CD9C92D8ACEB0008679AA /* FirebaseFirestore in Frameworks */,
				DA6CD9D72D8ACEB0008679AA /* FirebaseMessaging in Frameworks */,
				DA6CD9D32D8ACEB0008679AA /* FirebaseInstallations in Frameworks */,
				DA6CD9CF2D8ACEB0008679AA /* FirebaseFunctionsCombine-Community in Frameworks */,
				DA6CD9BB2D8ACEB0008679AA /* FirebaseAppDistribution-Beta in Frameworks */,
				DA6CD9B72D8ACEB0008679AA /* FirebaseAnalyticsWithoutAdIdSupport in Frameworks */,
				DA6CD9D12D8ACEB0008679AA /* FirebaseInAppMessaging-Beta in Frameworks */,
				DA6CD9BF2D8ACEB0008679AA /* FirebaseAuthCombine-Community in Frameworks */,
				DA6CD9C32D8ACEB0008679AA /* FirebaseCrashlytics in Frameworks */,
				DA6CD9D52D8ACEB0008679AA /* FirebaseMLModelDownloader in Frameworks */,
				DA6CD9DD2D8ACEB0008679AA /* FirebaseStorage in Frameworks */,
				DA6CD9C12D8ACEB0008679AA /* FirebaseCore in Frameworks */,
				DA6CD9B52D8ACEB0008679AA /* FirebaseAnalyticsOnDeviceConversion in Frameworks */,
			);
			runOnlyForDeploymentPostprocessing = 0;
		};
/* End PBXFrameworksBuildPhase section */

/* Begin PBXGroup section */
		DA840C252D88C540003E1FE2 = {
			isa = PBXGroup;
			children = (
				DA840C302D88C540003E1FE2 /* Lori */,
				DA840C2F2D88C540003E1FE2 /* Products */,
			);
			sourceTree = "<group>";
		};
		DA840C2F2D88C540003E1FE2 /* Products */ = {
			isa = PBXGroup;
			children = (
				DA840C2E2D88C540003E1FE2 /* Lori.app */,
			);
			name = Products;
			sourceTree = "<group>";
		};
/* End PBXGroup section */

/* Begin PBXNativeTarget section */
		DA840C2D2D88C540003E1FE2 /* Lori */ = {
			isa = PBXNativeTarget;
			buildConfigurationList = DA840C3C2D88C542003E1FE2 /* Build configuration list for PBXNativeTarget "Lori" */;
			buildPhases = (
				DA840C2A2D88C540003E1FE2 /* Sources */,
				DA840C2B2D88C540003E1FE2 /* Frameworks */,
				DA840C2C2D88C540003E1FE2 /* Resources */,
			);
			buildRules = (
			);
			dependencies = (
			);
			fileSystemSynchronizedGroups = (
				DA840C302D88C540003E1FE2 /* Lori */,
			);
			name = Lori;
			packageProductDependencies = (
				DA6CD9B22D8ACEB0008679AA /* FirebaseAnalytics */,
				DA6CD9B42D8ACEB0008679AA /* FirebaseAnalyticsOnDeviceConversion */,
				DA6CD9B62D8ACEB0008679AA /* FirebaseAnalyticsWithoutAdIdSupport */,
				DA6CD9B82D8ACEB0008679AA /* FirebaseAppCheck */,
				DA6CD9BA2D8ACEB0008679AA /* FirebaseAppDistribution-Beta */,
				DA6CD9BC2D8ACEB0008679AA /* FirebaseAuth */,
				DA6CD9BE2D8ACEB0008679AA /* FirebaseAuthCombine-Community */,
				DA6CD9C02D8ACEB0008679AA /* FirebaseCore */,
				DA6CD9C22D8ACEB0008679AA /* FirebaseCrashlytics */,
				DA6CD9C42D8ACEB0008679AA /* FirebaseDatabase */,
				DA6CD9C62D8ACEB0008679AA /* FirebaseDynamicLinks */,
				DA6CD9C82D8ACEB0008679AA /* FirebaseFirestore */,
				DA6CD9CA2D8ACEB0008679AA /* FirebaseFirestoreCombine-Community */,
				DA6CD9CC2D8ACEB0008679AA /* FirebaseFunctions */,
				DA6CD9CE2D8ACEB0008679AA /* FirebaseFunctionsCombine-Community */,
				DA6CD9D02D8ACEB0008679AA /* FirebaseInAppMessaging-Beta */,
				DA6CD9D22D8ACEB0008679AA /* FirebaseInstallations */,
				DA6CD9D42D8ACEB0008679AA /* FirebaseMLModelDownloader */,
				DA6CD9D62D8ACEB0008679AA /* FirebaseMessaging */,
				DA6CD9D82D8ACEB0008679AA /* FirebasePerformance */,
				DA6CD9DA2D8ACEB0008679AA /* FirebaseRemoteConfig */,
				DA6CD9DC2D8ACEB0008679AA /* FirebaseStorage */,
				DA6CD9DE2D8ACEB0008679AA /* FirebaseStorageCombine-Community */,
				DA6CD9E02D8ACEB0008679AA /* FirebaseVertexAI */,
			);
			productName = Lori;
			productReference = DA840C2E2D88C540003E1FE2 /* Lori.app */;
			productType = "com.apple.product-type.application";
		};
/* End PBXNativeTarget section */

/* Begin PBXProject section */
		DA840C262D88C540003E1FE2 /* Project object */ = {
			isa = PBXProject;
			attributes = {
				BuildIndependentTargetsInParallel = 1;
				LastSwiftUpdateCheck = 1620;
				LastUpgradeCheck = 1620;
				TargetAttributes = {
					DA840C2D2D88C540003E1FE2 = {
						CreatedOnToolsVersion = 16.2;
					};
				};
			};
			buildConfigurationList = DA840C292D88C540003E1FE2 /* Build configuration list for PBXProject "Lori" */;
			developmentRegion = en;
			hasScannedForEncodings = 0;
			knownRegions = (
				en,
				Base,
			);
			mainGroup = DA840C252D88C540003E1FE2;
			minimizedProjectReferenceProxies = 1;
			packageReferences = (
				DA6CD9B12D8ACEB0008679AA /* XCRemoteSwiftPackageReference "firebase-ios-sdk" */,
			);
			preferredProjectObjectVersion = 77;
			productRefGroup = DA840C2F2D88C540003E1FE2 /* Products */;
			projectDirPath = "";
			projectRoot = "";
			targets = (
				DA840C2D2D88C540003E1FE2 /* Lori */,
			);
		};
/* End PBXProject section */

/* Begin PBXResourcesBuildPhase section */
		DA840C2C2D88C540003E1FE2 /* Resources */ = {
			isa = PBXResourcesBuildPhase;
			buildActionMask = 2147483647;
			files = (
			);
			runOnlyForDeploymentPostprocessing = 0;
		};
/* End PBXResourcesBuildPhase section */

/* Begin PBXSourcesBuildPhase section */
		DA840C2A2D88C540003E1FE2 /* Sources */ = {
			isa = PBXSourcesBuildPhase;
			buildActionMask = 2147483647;
			files = (
			);
			runOnlyForDeploymentPostprocessing = 0;
		};
/* End PBXSourcesBuildPhase section */

/* Begin XCBuildConfiguration section */
		DA840C3A2D88C542003E1FE2 /* Debug */ = {
			isa = XCBuildConfiguration;
			buildSettings = {
				ALWAYS_SEARCH_USER_PATHS = NO;
				ASSETCATALOG_COMPILER_GENERATE_SWIFT_ASSET_SYMBOL_EXTENSIONS = YES;
				CLANG_ANALYZER_NONNULL = YES;
				CLANG_ANALYZER_NUMBER_OBJECT_CONVERSION = YES_AGGRESSIVE;
				CLANG_CXX_LANGUAGE_STANDARD = "gnu++20";
				CLANG_ENABLE_MODULES = YES;
				CLANG_ENABLE_OBJC_ARC = YES;
				CLANG_ENABLE_OBJC_WEAK = YES;
				CLANG_WARN_BLOCK_CAPTURE_AUTORELEASING = YES;
				CLANG_WARN_BOOL_CONVERSION = YES;
				CLANG_WARN_COMMA = YES;
				CLANG_WARN_CONSTANT_CONVERSION = YES;
				CLANG_WARN_DEPRECATED_OBJC_IMPLEMENTATIONS = YES;
				CLANG_WARN_DIRECT_OBJC_ISA_USAGE = YES_ERROR;
				CLANG_WARN_DOCUMENTATION_COMMENTS = YES;
				CLANG_WARN_EMPTY_BODY = YES;
				CLANG_WARN_ENUM_CONVERSION = YES;
				CLANG_WARN_INFINITE_RECURSION = YES;
				CLANG_WARN_INT_CONVERSION = YES;
				CLANG_WARN_NON_LITERAL_NULL_CONVERSION = YES;
				CLANG_WARN_OBJC_IMPLICIT_RETAIN_SELF = YES;
				CLANG_WARN_OBJC_LITERAL_CONVERSION = YES;
				CLANG_WARN_OBJC_ROOT_CLASS = YES_ERROR;
				CLANG_WARN_QUOTED_INCLUDE_IN_FRAMEWORK_HEADER = YES;
				CLANG_WARN_RANGE_LOOP_ANALYSIS = YES;
				CLANG_WARN_STRICT_PROTOTYPES = YES;
				CLANG_WARN_SUSPICIOUS_MOVE = YES;
				CLANG_WARN_UNGUARDED_AVAILABILITY = YES_AGGRESSIVE;
				CLANG_WARN_UNREACHABLE_CODE = YES;
				CLANG_WARN__DUPLICATE_METHOD_MATCH = YES;
				COPY_PHASE_STRIP = NO;
				DEBUG_INFORMATION_FORMAT = dwarf;
				ENABLE_STRICT_OBJC_MSGSEND = YES;
				ENABLE_TESTABILITY = YES;
				ENABLE_USER_SCRIPT_SANDBOXING = YES;
				GCC_C_LANGUAGE_STANDARD = gnu17;
				GCC_DYNAMIC_NO_PIC = NO;
				GCC_NO_COMMON_BLOCKS = YES;
				GCC_OPTIMIZATION_LEVEL = 0;
				GCC_PREPROCESSOR_DEFINITIONS = (
					"DEBUG=1",
					"$(inherited)",
				);
				GCC_WARN_64_TO_32_BIT_CONVERSION = YES;
				GCC_WARN_ABOUT_RETURN_TYPE = YES_ERROR;
				GCC_WARN_UNDECLARED_SELECTOR = YES;
				GCC_WARN_UNINITIALIZED_AUTOS = YES_AGGRESSIVE;
				GCC_WARN_UNUSED_FUNCTION = YES;
				GCC_WARN_UNUSED_VARIABLE = YES;
				IPHONEOS_DEPLOYMENT_TARGET = 18.2;
				LOCALIZATION_PREFERS_STRING_CATALOGS = YES;
				MTL_ENABLE_DEBUG_INFO = INCLUDE_SOURCE;
				MTL_FAST_MATH = YES;
				ONLY_ACTIVE_ARCH = YES;
				SDKROOT = iphoneos;
				SWIFT_ACTIVE_COMPILATION_CONDITIONS = "DEBUG $(inherited)";
				SWIFT_OPTIMIZATION_LEVEL = "-Onone";
			};
			name = Debug;
		};
		DA840C3B2D88C542003E1FE2 /* Release */ = {
			isa = XCBuildConfiguration;
			buildSettings = {
				ALWAYS_SEARCH_USER_PATHS = NO;
				ASSETCATALOG_COMPILER_GENERATE_SWIFT_ASSET_SYMBOL_EXTENSIONS = YES;
				CLANG_ANALYZER_NONNULL = YES;
				CLANG_ANALYZER_NUMBER_OBJECT_CONVERSION = YES_AGGRESSIVE;
				CLANG_CXX_LANGUAGE_STANDARD = "gnu++20";
				CLANG_ENABLE_MODULES = YES;
				CLANG_ENABLE_OBJC_ARC = YES;
				CLANG_ENABLE_OBJC_WEAK = YES;
				CLANG_WARN_BLOCK_CAPTURE_AUTORELEASING = YES;
				CLANG_WARN_BOOL_CONVERSION = YES;
				CLANG_WARN_COMMA = YES;
				CLANG_WARN_CONSTANT_CONVERSION = YES;
				CLANG_WARN_DEPRECATED_OBJC_IMPLEMENTATIONS = YES;
				CLANG_WARN_DIRECT_OBJC_ISA_USAGE = YES_ERROR;
				CLANG_WARN_DOCUMENTATION_COMMENTS = YES;
				CLANG_WARN_EMPTY_BODY = YES;
				CLANG_WARN_ENUM_CONVERSION = YES;
				CLANG_WARN_INFINITE_RECURSION = YES;
				CLANG_WARN_INT_CONVERSION = YES;
				CLANG_WARN_NON_LITERAL_NULL_CONVERSION = YES;
				CLANG_WARN_OBJC_IMPLICIT_RETAIN_SELF = YES;
				CLANG_WARN_OBJC_LITERAL_CONVERSION = YES;
				CLANG_WARN_OBJC_ROOT_CLASS = YES_ERROR;
				CLANG_WARN_QUOTED_INCLUDE_IN_FRAMEWORK_HEADER = YES;
				CLANG_WARN_RANGE_LOOP_ANALYSIS = YES;
				CLANG_WARN_STRICT_PROTOTYPES = YES;
				CLANG_WARN_SUSPICIOUS_MOVE = YES;
				CLANG_WARN_UNGUARDED_AVAILABILITY = YES_AGGRESSIVE;
				CLANG_WARN_UNREACHABLE_CODE = YES;
				CLANG_WARN__DUPLICATE_METHOD_MATCH = YES;
				COPY_PHASE_STRIP = NO;
				DEBUG_INFORMATION_FORMAT = "dwarf-with-dsym";
				ENABLE_NS_ASSERTIONS = NO;
				ENABLE_STRICT_OBJC_MSGSEND = YES;
				ENABLE_USER_SCRIPT_SANDBOXING = YES;
				GCC_C_LANGUAGE_STANDARD = gnu17;
				GCC_NO_COMMON_BLOCKS = YES;
				GCC_WARN_64_TO_32_BIT_CONVERSION = YES;
				GCC_WARN_ABOUT_RETURN_TYPE = YES_ERROR;
				GCC_WARN_UNDECLARED_SELECTOR = YES;
				GCC_WARN_UNINITIALIZED_AUTOS = YES_AGGRESSIVE;
				GCC_WARN_UNUSED_FUNCTION = YES;
				GCC_WARN_UNUSED_VARIABLE = YES;
				IPHONEOS_DEPLOYMENT_TARGET = 18.2;
				LOCALIZATION_PREFERS_STRING_CATALOGS = YES;
				MTL_ENABLE_DEBUG_INFO = NO;
				MTL_FAST_MATH = YES;
				SDKROOT = iphoneos;
				SWIFT_COMPILATION_MODE = wholemodule;
				VALIDATE_PRODUCT = YES;
			};
			name = Release;
		};
		DA840C3D2D88C542003E1FE2 /* Debug */ = {
			isa = XCBuildConfiguration;
			buildSettings = {
				ASSETCATALOG_COMPILER_APPICON_NAME = AppIcon;
				ASSETCATALOG_COMPILER_GLOBAL_ACCENT_COLOR_NAME = AccentColor;
				CODE_SIGN_STYLE = Automatic;
				CURRENT_PROJECT_VERSION = 1;
				DEVELOPMENT_ASSET_PATHS = "\"Lori/Preview Content\"";
				DEVELOPMENT_TEAM = FLT57F4ZA9;
				ENABLE_PREVIEWS = YES;
				GENERATE_INFOPLIST_FILE = YES;
				INFOPLIST_FILE = Lori/Info.plist;
				INFOPLIST_KEY_UIApplicationSceneManifest_Generation = YES;
				INFOPLIST_KEY_UIApplicationSupportsIndirectInputEvents = YES;
				INFOPLIST_KEY_UILaunchScreen_Generation = YES;
				INFOPLIST_KEY_UISupportedInterfaceOrientations_iPad = "UIInterfaceOrientationPortrait UIInterfaceOrientationPortraitUpsideDown UIInterfaceOrientationLandscapeLeft UIInterfaceOrientationLandscapeRight";
				INFOPLIST_KEY_UISupportedInterfaceOrientations_iPhone = "UIInterfaceOrientationPortrait UIInterfaceOrientationLandscapeLeft UIInterfaceOrientationLandscapeRight";
				LD_RUNPATH_SEARCH_PATHS = (
					"$(inherited)",
					"@executable_path/Frameworks",
				);
				MARKETING_VERSION = 1.0;
				PRODUCT_BUNDLE_IDENTIFIER = murathankarasu.Lori;
				PRODUCT_NAME = "$(TARGET_NAME)";
				SWIFT_EMIT_LOC_STRINGS = YES;
				SWIFT_VERSION = 5.0;
				TARGETED_DEVICE_FAMILY = "1,2";
			};
			name = Debug;
		};
		DA840C3E2D88C542003E1FE2 /* Release */ = {
			isa = XCBuildConfiguration;
			buildSettings = {
				ASSETCATALOG_COMPILER_APPICON_NAME = AppIcon;
				ASSETCATALOG_COMPILER_GLOBAL_ACCENT_COLOR_NAME = AccentColor;
				CODE_SIGN_STYLE = Automatic;
				CURRENT_PROJECT_VERSION = 1;
				DEVELOPMENT_ASSET_PATHS = "\"Lori/Preview Content\"";
				DEVELOPMENT_TEAM = FLT57F4ZA9;
				ENABLE_PREVIEWS = YES;
				GENERATE_INFOPLIST_FILE = YES;
				INFOPLIST_FILE = Lori/Info.plist;
				INFOPLIST_KEY_UIApplicationSceneManifest_Generation = YES;
				INFOPLIST_KEY_UIApplicationSupportsIndirectInputEvents = YES;
				INFOPLIST_KEY_UILaunchScreen_Generation = YES;
				INFOPLIST_KEY_UISupportedInterfaceOrientations_iPad = "UIInterfaceOrientationPortrait UIInterfaceOrientationPortraitUpsideDown UIInterfaceOrientationLandscapeLeft UIInterfaceOrientationLandscapeRight";
				INFOPLIST_KEY_UISupportedInterfaceOrientations_iPhone = "UIInterfaceOrientationPortrait UIInterfaceOrientationLandscapeLeft UIInterfaceOrientationLandscapeRight";
				LD_RUNPATH_SEARCH_PATHS = (
					"$(inherited)",
					"@executable_path/Frameworks",
				);
				MARKETING_VERSION = 1.0;
				PRODUCT_BUNDLE_IDENTIFIER = murathankarasu.Lori;
				PRODUCT_NAME = "$(TARGET_NAME)";
				SWIFT_EMIT_LOC_STRINGS = YES;
				SWIFT_VERSION = 5.0;
				TARGETED_DEVICE_FAMILY = "1,2";
			};
			name = Release;
		};
/* End XCBuildConfiguration section */

/* Begin XCConfigurationList section */
		DA840C292D88C540003E1FE2 /* Build configuration list for PBXProject "Lori" */ = {
			isa = XCConfigurationList;
			buildConfigurations = (
				DA840C3A2D88C542003E1FE2 /* Debug */,
				DA840C3B2D88C542003E1FE2 /* Release */,
			);
			defaultConfigurationIsVisible = 0;
			defaultConfigurationName = Release;
		};
		DA840C3C2D88C542003E1FE2 /* Build configuration list for PBXNativeTarget "Lori" */ = {
			isa = XCConfigurationList;
			buildConfigurations = (
				DA840C3D2D88C542003E1FE2 /* Debug */,
				DA840C3E2D88C542003E1FE2 /* Release */,
			);
			defaultConfigurationIsVisible = 0;
			defaultConfigurationName = Release;
		};
/* End XCConfigurationList section */

/* Begin XCRemoteSwiftPackageReference section */
		DA6CD9B12D8ACEB0008679AA /* XCRemoteSwiftPackageReference "firebase-ios-sdk" */ = {
			isa = XCRemoteSwiftPackageReference;
			repositoryURL = "https://github.com/firebase/firebase-ios-sdk";
			requirement = {
				kind = upToNextMajorVersion;
				minimumVersion = 11.10.0;
			};
		};
/* End XCRemoteSwiftPackageReference section */

/* Begin XCSwiftPackageProductDependency section */
		DA6CD9B22D8ACEB0008679AA /* FirebaseAnalytics */ = {
			isa = XCSwiftPackageProductDependency;
			package = DA6CD9B12D8ACEB0008679AA /* XCRemoteSwiftPackageReference "firebase-ios-sdk" */;
			productName = FirebaseAnalytics;
		};
		DA6CD9B42D8ACEB0008679AA /* FirebaseAnalyticsOnDeviceConversion */ = {
			isa = XCSwiftPackageProductDependency;
			package = DA6CD9B12D8ACEB0008679AA /* XCRemoteSwiftPackageReference "firebase-ios-sdk" */;
			productName = FirebaseAnalyticsOnDeviceConversion;
		};
		DA6CD9B62D8ACEB0008679AA /* FirebaseAnalyticsWithoutAdIdSupport */ = {
			isa = XCSwiftPackageProductDependency;
			package = DA6CD9B12D8ACEB0008679AA /* XCRemoteSwiftPackageReference "firebase-ios-sdk" */;
			productName = FirebaseAnalyticsWithoutAdIdSupport;
		};
		DA6CD9B82D8ACEB0008679AA /* FirebaseAppCheck */ = {
			isa = XCSwiftPackageProductDependency;
			package = DA6CD9B12D8ACEB0008679AA /* XCRemoteSwiftPackageReference "firebase-ios-sdk" */;
			productName = FirebaseAppCheck;
		};
		DA6CD9BA2D8ACEB0008679AA /* FirebaseAppDistribution-Beta */ = {
			isa = XCSwiftPackageProductDependency;
			package = DA6CD9B12D8ACEB0008679AA /* XCRemoteSwiftPackageReference "firebase-ios-sdk" */;
			productName = "FirebaseAppDistribution-Beta";
		};
		DA6CD9BC2D8ACEB0008679AA /* FirebaseAuth */ = {
			isa = XCSwiftPackageProductDependency;
			package = DA6CD9B12D8ACEB0008679AA /* XCRemoteSwiftPackageReference "firebase-ios-sdk" */;
			productName = FirebaseAuth;
		};
		DA6CD9BE2D8ACEB0008679AA /* FirebaseAuthCombine-Community */ = {
			isa = XCSwiftPackageProductDependency;
			package = DA6CD9B12D8ACEB0008679AA /* XCRemoteSwiftPackageReference "firebase-ios-sdk" */;
			productName = "FirebaseAuthCombine-Community";
		};
		DA6CD9C02D8ACEB0008679AA /* FirebaseCore */ = {
			isa = XCSwiftPackageProductDependency;
			package = DA6CD9B12D8ACEB0008679AA /* XCRemoteSwiftPackageReference "firebase-ios-sdk" */;
			productName = FirebaseCore;
		};
		DA6CD9C22D8ACEB0008679AA /* FirebaseCrashlytics */ = {
			isa = XCSwiftPackageProductDependency;
			package = DA6CD9B12D8ACEB0008679AA /* XCRemoteSwiftPackageReference "firebase-ios-sdk" */;
			productName = FirebaseCrashlytics;
		};
		DA6CD9C42D8ACEB0008679AA /* FirebaseDatabase */ = {
			isa = XCSwiftPackageProductDependency;
			package = DA6CD9B12D8ACEB0008679AA /* XCRemoteSwiftPackageReference "firebase-ios-sdk" */;
			productName = FirebaseDatabase;
		};
		DA6CD9C62D8ACEB0008679AA /* FirebaseDynamicLinks */ = {
			isa = XCSwiftPackageProductDependency;
			package = DA6CD9B12D8ACEB0008679AA /* XCRemoteSwiftPackageReference "firebase-ios-sdk" */;
			productName = FirebaseDynamicLinks;
		};
		DA6CD9C82D8ACEB0008679AA /* FirebaseFirestore */ = {
			isa = XCSwiftPackageProductDependency;
			package = DA6CD9B12D8ACEB0008679AA /* XCRemoteSwiftPackageReference "firebase-ios-sdk" */;
			productName = FirebaseFirestore;
		};
		DA6CD9CA2D8ACEB0008679AA /* FirebaseFirestoreCombine-Community */ = {
			isa = XCSwiftPackageProductDependency;
			package = DA6CD9B12D8ACEB0008679AA /* XCRemoteSwiftPackageReference "firebase-ios-sdk" */;
			productName = "FirebaseFirestoreCombine-Community";
		};
		DA6CD9CC2D8ACEB0008679AA /* FirebaseFunctions */ = {
			isa = XCSwiftPackageProductDependency;
			package = DA6CD9B12D8ACEB0008679AA /* XCRemoteSwiftPackageReference "firebase-ios-sdk" */;
			productName = FirebaseFunctions;
		};
		DA6CD9CE2D8ACEB0008679AA /* FirebaseFunctionsCombine-Community */ = {
			isa = XCSwiftPackageProductDependency;
			package = DA6CD9B12D8ACEB0008679AA /* XCRemoteSwiftPackageReference "firebase-ios-sdk" */;
			productName = "FirebaseFunctionsCombine-Community";
		};
		DA6CD9D02D8ACEB0008679AA /* FirebaseInAppMessaging-Beta */ = {
			isa = XCSwiftPackageProductDependency;
			package = DA6CD9B12D8ACEB0008679AA /* XCRemoteSwiftPackageReference "firebase-ios-sdk" */;
			productName = "FirebaseInAppMessaging-Beta";
		};
		DA6CD9D22D8ACEB0008679AA /* FirebaseInstallations */ = {
			isa = XCSwiftPackageProductDependency;
			package = DA6CD9B12D8ACEB0008679AA /* XCRemoteSwiftPackageReference "firebase-ios-sdk" */;
			productName = FirebaseInstallations;
		};
		DA6CD9D42D8ACEB0008679AA /* FirebaseMLModelDownloader */ = {
			isa = XCSwiftPackageProductDependency;
			package = DA6CD9B12D8ACEB0008679AA /* XCRemoteSwiftPackageReference "firebase-ios-sdk" */;
			productName = FirebaseMLModelDownloader;
		};
		DA6CD9D62D8ACEB0008679AA /* FirebaseMessaging */ = {
			isa = XCSwiftPackageProductDependency;
			package = DA6CD9B12D8ACEB0008679AA /* XCRemoteSwiftPackageReference "firebase-ios-sdk" */;
			productName = FirebaseMessaging;
		};
		DA6CD9D82D8ACEB0008679AA /* FirebasePerformance */ = {
			isa = XCSwiftPackageProductDependency;
			package = DA6CD9B12D8ACEB0008679AA /* XCRemoteSwiftPackageReference "firebase-ios-sdk" */;
			productName = FirebasePerformance;
		};
		DA6CD9DA2D8ACEB0008679AA /* FirebaseRemoteConfig */ = {
			isa = XCSwiftPackageProductDependency;
			package = DA6CD9B12D8ACEB0008679AA /* XCRemoteSwiftPackageReference "firebase-ios-sdk" */;
			productName = FirebaseRemoteConfig;
		};
		DA6CD9DC2D8ACEB0008679AA /* FirebaseStorage */ = {
			isa = XCSwiftPackageProductDependency;
			package = DA6CD9B12D8ACEB0008679AA /* XCRemoteSwiftPackageReference "firebase-ios-sdk" */;
			productName = FirebaseStorage;
		};
		DA6CD9DE2D8ACEB0008679AA /* FirebaseStorageCombine-Community */ = {
			isa = XCSwiftPackageProductDependency;
			package = DA6CD9B12D8ACEB0008679AA /* XCRemoteSwiftPackageReference "firebase-ios-sdk" */;
			productName = "FirebaseStorageCombine-Community";
		};
		DA6CD9E02D8ACEB0008679AA /* FirebaseVertexAI */ = {
			isa = XCSwiftPackageProductDependency;
			package = DA6CD9B12D8ACEB0008679AA /* XCRemoteSwiftPackageReference "firebase-ios-sdk" */;
			productName = FirebaseVertexAI;
		};
/* End XCSwiftPackageProductDependency section */
	};
	rootObject = DA840C262D88C540003E1FE2 /* Project object */;
}
